// !$*UTF8*$!
{
	archiveVersion = 1;
	classes = {
	};
	objectVersion = 50;
	objects = {

/* Begin PBXBuildFile section */
		50671FD0269F7B05001F0C76 /* AppDelegate.swift in Sources */ = {isa = PBXBuildFile; fileRef = 50671FCF269F7B05001F0C76 /* AppDelegate.swift */; };
		50671FD2269F7B05001F0C76 /* SceneDelegate.swift in Sources */ = {isa = PBXBuildFile; fileRef = 50671FD1269F7B05001F0C76 /* SceneDelegate.swift */; };
		50671FD4269F7B05001F0C76 /* CurrentWeatherViewController.swift in Sources */ = {isa = PBXBuildFile; fileRef = 50671FD3269F7B05001F0C76 /* CurrentWeatherViewController.swift */; };
		50671FD7269F7B05001F0C76 /* Main.storyboard in Resources */ = {isa = PBXBuildFile; fileRef = 50671FD5269F7B05001F0C76 /* Main.storyboard */; };
		50671FD9269F7B07001F0C76 /* Assets.xcassets in Resources */ = {isa = PBXBuildFile; fileRef = 50671FD8269F7B07001F0C76 /* Assets.xcassets */; };
		50671FDC269F7B07001F0C76 /* LaunchScreen.storyboard in Resources */ = {isa = PBXBuildFile; fileRef = 50671FDA269F7B07001F0C76 /* LaunchScreen.storyboard */; };
		50C9D3F626A2A04300F8C9DB /* Constants.swift in Sources */ = {isa = PBXBuildFile; fileRef = 50C9D3F526A2A04300F8C9DB /* Constants.swift */; };
		50C9D3FA26A2BD4700F8C9DB /* Weather.swift in Sources */ = {isa = PBXBuildFile; fileRef = 50C9D3F926A2BD4700F8C9DB /* Weather.swift */; };
		50C9D3FC26A2C27000F8C9DB /* WeatherAPIClient.swift in Sources */ = {isa = PBXBuildFile; fileRef = 50C9D3FB26A2C27000F8C9DB /* WeatherAPIClient.swift */; };
/* End PBXBuildFile section */

/* Begin PBXFileReference section */
		50671FCC269F7B05001F0C76 /* weatherapp.app */ = {isa = PBXFileReference; explicitFileType = wrapper.application; includeInIndex = 0; path = weatherapp.app; sourceTree = BUILT_PRODUCTS_DIR; };
		50671FCF269F7B05001F0C76 /* AppDelegate.swift */ = {isa = PBXFileReference; lastKnownFileType = sourcecode.swift; path = AppDelegate.swift; sourceTree = "<group>"; };
		50671FD1269F7B05001F0C76 /* SceneDelegate.swift */ = {isa = PBXFileReference; lastKnownFileType = sourcecode.swift; path = SceneDelegate.swift; sourceTree = "<group>"; };
		50671FD3269F7B05001F0C76 /* CurrentWeatherViewController.swift */ = {isa = PBXFileReference; lastKnownFileType = sourcecode.swift; path = CurrentWeatherViewController.swift; sourceTree = "<group>"; };
		50671FD6269F7B05001F0C76 /* Base */ = {isa = PBXFileReference; lastKnownFileType = file.storyboard; name = Base; path = Base.lproj/Main.storyboard; sourceTree = "<group>"; };
		50671FD8269F7B07001F0C76 /* Assets.xcassets */ = {isa = PBXFileReference; lastKnownFileType = folder.assetcatalog; path = Assets.xcassets; sourceTree = "<group>"; };
		50671FDB269F7B07001F0C76 /* Base */ = {isa = PBXFileReference; lastKnownFileType = file.storyboard; name = Base; path = Base.lproj/LaunchScreen.storyboard; sourceTree = "<group>"; };
		50671FDD269F7B07001F0C76 /* Info.plist */ = {isa = PBXFileReference; lastKnownFileType = text.plist.xml; path = Info.plist; sourceTree = "<group>"; };
		50C9D3F526A2A04300F8C9DB /* Constants.swift */ = {isa = PBXFileReference; lastKnownFileType = sourcecode.swift; path = Constants.swift; sourceTree = "<group>"; };
		50C9D3F926A2BD4700F8C9DB /* Weather.swift */ = {isa = PBXFileReference; lastKnownFileType = sourcecode.swift; path = Weather.swift; sourceTree = "<group>"; };
		50C9D3FB26A2C27000F8C9DB /* WeatherAPIClient.swift */ = {isa = PBXFileReference; lastKnownFileType = sourcecode.swift; path = WeatherAPIClient.swift; sourceTree = "<group>"; };
/* End PBXFileReference section */

/* Begin PBXFrameworksBuildPhase section */
		50671FC9269F7B05001F0C76 /* Frameworks */ = {
			isa = PBXFrameworksBuildPhase;
			buildActionMask = 2147483647;
			files = (
			);
			runOnlyForDeploymentPostprocessing = 0;
		};
/* End PBXFrameworksBuildPhase section */

/* Begin PBXGroup section */
		5025F73426A4B48D0066408E /* Model */ = {
			isa = PBXGroup;
			children = (
				50C9D3F926A2BD4700F8C9DB /* Weather.swift */,
			);
			path = Model;
			sourceTree = "<group>";
		};
		5025F73526A4B4990066408E /* Controller */ = {
			isa = PBXGroup;
			children = (
				50671FD3269F7B05001F0C76 /* CurrentWeatherViewController.swift */,
			);
			path = Controller;
			sourceTree = "<group>";
		};
		5025F73626A4B4FE0066408E /* View */ = {
			isa = PBXGroup;
			children = (
				50671FD5269F7B05001F0C76 /* Main.storyboard */,
				50671FDA269F7B07001F0C76 /* LaunchScreen.storyboard */,
			);
			path = View;
			sourceTree = "<group>";
		};
		5025F73726A4B5200066408E /* Service */ = {
			isa = PBXGroup;
			children = (
				50C9D3FB26A2C27000F8C9DB /* WeatherAPIClient.swift */,
			);
			path = Service;
			sourceTree = "<group>";
		};
		50671FC3269F7B05001F0C76 = {
			isa = PBXGroup;
			children = (
				50671FCE269F7B05001F0C76 /* weatherapp */,
				50671FCD269F7B05001F0C76 /* Products */,
			);
			sourceTree = "<group>";
		};
		50671FCD269F7B05001F0C76 /* Products */ = {
			isa = PBXGroup;
			children = (
				50671FCC269F7B05001F0C76 /* weatherapp.app */,
			);
			name = Products;
			sourceTree = "<group>";
		};
		50671FCE269F7B05001F0C76 /* weatherapp */ = {
			isa = PBXGroup;
			children = (
				5025F73726A4B5200066408E /* Service */,
				5025F73626A4B4FE0066408E /* View */,
				5025F73526A4B4990066408E /* Controller */,
				5025F73426A4B48D0066408E /* Model */,
				50671FCF269F7B05001F0C76 /* AppDelegate.swift */,
				50671FD1269F7B05001F0C76 /* SceneDelegate.swift */,
				50671FD8269F7B07001F0C76 /* Assets.xcassets */,
				50671FDD269F7B07001F0C76 /* Info.plist */,
				50C9D3F526A2A04300F8C9DB /* Constants.swift */,
			);
			path = weatherapp;
			sourceTree = "<group>";
		};
/* End PBXGroup section */

/* Begin PBXNativeTarget section */
		50671FCB269F7B05001F0C76 /* weatherapp */ = {
			isa = PBXNativeTarget;
			buildConfigurationList = 50671FE0269F7B07001F0C76 /* Build configuration list for PBXNativeTarget "weatherapp" */;
			buildPhases = (
				50671FC8269F7B05001F0C76 /* Sources */,
				50671FC9269F7B05001F0C76 /* Frameworks */,
				50671FCA269F7B05001F0C76 /* Resources */,
			);
			buildRules = (
			);
			dependencies = (
			);
			name = weatherapp;
			productName = weatherapp;
			productReference = 50671FCC269F7B05001F0C76 /* weatherapp.app */;
			productType = "com.apple.product-type.application";
		};
/* End PBXNativeTarget section */

/* Begin PBXProject section */
		50671FC4269F7B05001F0C76 /* Project object */ = {
			isa = PBXProject;
			attributes = {
				LastSwiftUpdateCheck = 1250;
				LastUpgradeCheck = 1250;
				TargetAttributes = {
					50671FCB269F7B05001F0C76 = {
						CreatedOnToolsVersion = 12.5;
					};
				};
			};
			buildConfigurationList = 50671FC7269F7B05001F0C76 /* Build configuration list for PBXProject "weatherapp" */;
			compatibilityVersion = "Xcode 9.3";
			developmentRegion = en;
			hasScannedForEncodings = 0;
			knownRegions = (
				en,
				Base,
			);
			mainGroup = 50671FC3269F7B05001F0C76;
			productRefGroup = 50671FCD269F7B05001F0C76 /* Products */;
			projectDirPath = "";
			projectRoot = "";
			targets = (
				50671FCB269F7B05001F0C76 /* weatherapp */,
			);
		};
/* End PBXProject section */

/* Begin PBXResourcesBuildPhase section */
		50671FCA269F7B05001F0C76 /* Resources */ = {
			isa = PBXResourcesBuildPhase;
			buildActionMask = 2147483647;
			files = (
				50671FDC269F7B07001F0C76 /* LaunchScreen.storyboard in Resources */,
				50671FD9269F7B07001F0C76 /* Assets.xcassets in Resources */,
				50671FD7269F7B05001F0C76 /* Main.storyboard in Resources */,
			);
			runOnlyForDeploymentPostprocessing = 0;
		};
/* End PBXResourcesBuildPhase section */

/* Begin PBXSourcesBuildPhase section */
		50671FC8269F7B05001F0C76 /* Sources */ = {
			isa = PBXSourcesBuildPhase;
			buildActionMask = 2147483647;
			files = (
				50671FD4269F7B05001F0C76 /* CurrentWeatherViewController.swift in Sources */,
				50671FD0269F7B05001F0C76 /* AppDelegate.swift in Sources */,
				50671FD2269F7B05001F0C76 /* SceneDelegate.swift in Sources */,
				50C9D3FA26A2BD4700F8C9DB /* Weather.swift in Sources */,
				50C9D3F626A2A04300F8C9DB /* Constants.swift in Sources */,
				50C9D3FC26A2C27000F8C9DB /* WeatherAPIClient.swift in Sources */,
			);
			runOnlyForDeploymentPostprocessing = 0;
		};
/* End PBXSourcesBuildPhase section */

/* Begin PBXVariantGroup section */
		50671FD5269F7B05001F0C76 /* Main.storyboard */ = {
			isa = PBXVariantGroup;
			children = (
				50671FD6269F7B05001F0C76 /* Base */,
			);
			name = Main.storyboard;
			sourceTree = "<group>";
		};
		50671FDA269F7B07001F0C76 /* LaunchScreen.storyboard */ = {
			isa = PBXVariantGroup;
			children = (
				50671FDB269F7B07001F0C76 /* Base */,
			);
			name = LaunchScreen.storyboard;
			sourceTree = "<group>";
		};
/* End PBXVariantGroup section */

/* Begin XCBuildConfiguration section */
		50671FDE269F7B07001F0C76 /* Debug */ = {
			isa = XCBuildConfiguration;
			buildSettings = {
				ALWAYS_SEARCH_USER_PATHS = NO;
				CLANG_ANALYZER_NONNULL = YES;
				CLANG_ANALYZER_NUMBER_OBJECT_CONVERSION = YES_AGGRESSIVE;
				CLANG_CXX_LANGUAGE_STANDARD = "gnu++14";
				CLANG_CXX_LIBRARY = "libc++";
				CLANG_ENABLE_MODULES = YES;
				CLANG_ENABLE_OBJC_ARC = YES;
				CLANG_ENABLE_OBJC_WEAK = YES;
				CLANG_WARN_BLOCK_CAPTURE_AUTORELEASING = YES;
				CLANG_WARN_BOOL_CONVERSION = YES;
				CLANG_WARN_COMMA = YES;
				CLANG_WARN_CONSTANT_CONVERSION = YES;
				CLANG_WARN_DEPRECATED_OBJC_IMPLEMENTATIONS = YES;
				CLANG_WARN_DIRECT_OBJC_ISA_USAGE = YES_ERROR;
				CLANG_WARN_DOCUMENTATION_COMMENTS = YES;
				CLANG_WARN_EMPTY_BODY = YES;
				CLANG_WARN_ENUM_CONVERSION = YES;
				CLANG_WARN_INFINITE_RECURSION = YES;
				CLANG_WARN_INT_CONVERSION = YES;
				CLANG_WARN_NON_LITERAL_NULL_CONVERSION = YES;
				CLANG_WARN_OBJC_IMPLICIT_RETAIN_SELF = YES;
				CLANG_WARN_OBJC_LITERAL_CONVERSION = YES;
				CLANG_WARN_OBJC_ROOT_CLASS = YES_ERROR;
				CLANG_WARN_QUOTED_INCLUDE_IN_FRAMEWORK_HEADER = YES;
				CLANG_WARN_RANGE_LOOP_ANALYSIS = YES;
				CLANG_WARN_STRICT_PROTOTYPES = YES;
				CLANG_WARN_SUSPICIOUS_MOVE = YES;
				CLANG_WARN_UNGUARDED_AVAILABILITY = YES_AGGRESSIVE;
				CLANG_WARN_UNREACHABLE_CODE = YES;
				CLANG_WARN__DUPLICATE_METHOD_MATCH = YES;
				COPY_PHASE_STRIP = NO;
				DEBUG_INFORMATION_FORMAT = dwarf;
				ENABLE_STRICT_OBJC_MSGSEND = YES;
				ENABLE_TESTABILITY = YES;
				GCC_C_LANGUAGE_STANDARD = gnu11;
				GCC_DYNAMIC_NO_PIC = NO;
				GCC_NO_COMMON_BLOCKS = YES;
				GCC_OPTIMIZATION_LEVEL = 0;
				GCC_PREPROCESSOR_DEFINITIONS = (
					"DEBUG=1",
					"$(inherited)",
				);
				GCC_WARN_64_TO_32_BIT_CONVERSION = YES;
				GCC_WARN_ABOUT_RETURN_TYPE = YES_ERROR;
				GCC_WARN_UNDECLARED_SELECTOR = YES;
				GCC_WARN_UNINITIALIZED_AUTOS = YES_AGGRESSIVE;
				GCC_WARN_UNUSED_FUNCTION = YES;
				GCC_WARN_UNUSED_VARIABLE = YES;
				IPHONEOS_DEPLOYMENT_TARGET = 14.5;
				MTL_ENABLE_DEBUG_INFO = INCLUDE_SOURCE;
				MTL_FAST_MATH = YES;
				ONLY_ACTIVE_ARCH = YES;
				SDKROOT = iphoneos;
				SWIFT_ACTIVE_COMPILATION_CONDITIONS = DEBUG;
				SWIFT_OPTIMIZATION_LEVEL = "-Onone";
			};
			name = Debug;
		};
		50671FDF269F7B07001F0C76 /* Release */ = {
			isa = XCBuildConfiguration;
			buildSettings = {
				ALWAYS_SEARCH_USER_PATHS = NO;
				CLANG_ANALYZER_NONNULL = YES;
				CLANG_ANALYZER_NUMBER_OBJECT_CONVERSION = YES_AGGRESSIVE;
				CLANG_CXX_LANGUAGE_STANDARD = "gnu++14";
				CLANG_CXX_LIBRARY = "libc++";
				CLANG_ENABLE_MODULES = YES;
				CLANG_ENABLE_OBJC_ARC = YES;
				CLANG_ENABLE_OBJC_WEAK = YES;
				CLANG_WARN_BLOCK_CAPTURE_AUTORELEASING = YES;
				CLANG_WARN_BOOL_CONVERSION = YES;
				CLANG_WARN_COMMA = YES;
				CLANG_WARN_CONSTANT_CONVERSION = YES;
				CLANG_WARN_DEPRECATED_OBJC_IMPLEMENTATIONS = YES;
				CLANG_WARN_DIRECT_OBJC_ISA_USAGE = YES_ERROR;
				CLANG_WARN_DOCUMENTATION_COMMENTS = YES;
				CLANG_WARN_EMPTY_BODY = YES;
				CLANG_WARN_ENUM_CONVERSION = YES;
				CLANG_WARN_INFINITE_RECURSION = YES;
				CLANG_WARN_INT_CONVERSION = YES;
				CLANG_WARN_NON_LITERAL_NULL_CONVERSION = YES;
				CLANG_WARN_OBJC_IMPLICIT_RETAIN_SELF = YES;
				CLANG_WARN_OBJC_LITERAL_CONVERSION = YES;
				CLANG_WARN_OBJC_ROOT_CLASS = YES_ERROR;
				CLANG_WARN_QUOTED_INCLUDE_IN_FRAMEWORK_HEADER = YES;
				CLANG_WARN_RANGE_LOOP_ANALYSIS = YES;
				CLANG_WARN_STRICT_PROTOTYPES = YES;
				CLANG_WARN_SUSPICIOUS_MOVE = YES;
				CLANG_WARN_UNGUARDED_AVAILABILITY = YES_AGGRESSIVE;
				CLANG_WARN_UNREACHABLE_CODE = YES;
				CLANG_WARN__DUPLICATE_METHOD_MATCH = YES;
				COPY_PHASE_STRIP = NO;
				DEBUG_INFORMATION_FORMAT = "dwarf-with-dsym";
				ENABLE_NS_ASSERTIONS = NO;
				ENABLE_STRICT_OBJC_MSGSEND = YES;
				GCC_C_LANGUAGE_STANDARD = gnu11;
				GCC_NO_COMMON_BLOCKS = YES;
				GCC_WARN_64_TO_32_BIT_CONVERSION = YES;
				GCC_WARN_ABOUT_RETURN_TYPE = YES_ERROR;
				GCC_WARN_UNDECLARED_SELECTOR = YES;
				GCC_WARN_UNINITIALIZED_AUTOS = YES_AGGRESSIVE;
				GCC_WARN_UNUSED_FUNCTION = YES;
				GCC_WARN_UNUSED_VARIABLE = YES;
				IPHONEOS_DEPLOYMENT_TARGET = 14.5;
				MTL_ENABLE_DEBUG_INFO = NO;
				MTL_FAST_MATH = YES;
				SDKROOT = iphoneos;
				SWIFT_COMPILATION_MODE = wholemodule;
				SWIFT_OPTIMIZATION_LEVEL = "-O";
				VALIDATE_PRODUCT = YES;
			};
			name = Release;
		};
		50671FE1269F7B07001F0C76 /* Debug */ = {
			isa = XCBuildConfiguration;
			buildSettings = {
				ASSETCATALOG_COMPILER_APPICON_NAME = AppIcon;
				ASSETCATALOG_COMPILER_GLOBAL_ACCENT_COLOR_NAME = AccentColor;
				CODE_SIGN_STYLE = Automatic;
				DEVELOPMENT_TEAM = JPMCQ7X6AU;
				INFOPLIST_FILE = weatherapp/Info.plist;
				LD_RUNPATH_SEARCH_PATHS = (
					"$(inherited)",
					"@executable_path/Frameworks",
				);
				PRODUCT_BUNDLE_IDENTIFIER = com.frostrabbit.weatherapp;
				PRODUCT_NAME = "$(TARGET_NAME)";
				SWIFT_VERSION = 5.0;
				TARGETED_DEVICE_FAMILY = 1;
			};
			name = Debug;
		};
		50671FE2269F7B07001F0C76 /* Release */ = {
			isa = XCBuildConfiguration;
			buildSettings = {
				ASSETCATALOG_COMPILER_APPICON_NAME = AppIcon;
				ASSETCATALOG_COMPILER_GLOBAL_ACCENT_COLOR_NAME = AccentColor;
				CODE_SIGN_STYLE = Automatic;
				DEVELOPMENT_TEAM = JPMCQ7X6AU;
				INFOPLIST_FILE = weatherapp/Info.plist;
				LD_RUNPATH_SEARCH_PATHS = (
					"$(inherited)",
					"@executable_path/Frameworks",
				);
				PRODUCT_BUNDLE_IDENTIFIER = com.frostrabbit.weatherapp;
				PRODUCT_NAME = "$(TARGET_NAME)";
				SWIFT_VERSION = 5.0;
				TARGETED_DEVICE_FAMILY = 1;
			};
			name = Release;
		};
/* End XCBuildConfiguration section */

/* Begin XCConfigurationList section */
		50671FC7269F7B05001F0C76 /* Build configuration list for PBXProject "weatherapp" */ = {
			isa = XCConfigurationList;
			buildConfigurations = (
				50671FDE269F7B07001F0C76 /* Debug */,
				50671FDF269F7B07001F0C76 /* Release */,
			);
			defaultConfigurationIsVisible = 0;
			defaultConfigurationName = Release;
		};
		50671FE0269F7B07001F0C76 /* Build configuration list for PBXNativeTarget "weatherapp" */ = {
			isa = XCConfigurationList;
			buildConfigurations = (
				50671FE1269F7B07001F0C76 /* Debug */,
				50671FE2269F7B07001F0C76 /* Release */,
			);
			defaultConfigurationIsVisible = 0;
			defaultConfigurationName = Release;
		};
/* End XCConfigurationList section */
	};
	rootObject = 50671FC4269F7B05001F0C76 /* Project object */;
}
